
Microsoft Visual Studio Solution File, Format Version 12.00
# Visual Studio Version 17
VisualStudioVersion = 17.1.32210.238
MinimumVisualStudioVersion = 10.0.40219.1
Project("{FAE04EC0-301F-11D3-BF4B-00C04F79EFBC}") = "TiposAnonimos", "TiposAnonimos\TiposAnonimos.csproj", "{CA4B2397-85E9-4C22-9DF7-51F8CB0E6015}"
EndProject
Global
	GlobalSection(SolutionConfigurationPlatforms) = preSolution
		Debug|Any CPU = Debug|Any CPU
		Release|Any CPU = Release|Any CPU
	EndGlobalSection
	GlobalSection(ProjectConfigurationPlatforms) = postSolution
		{CA4B2397-85E9-4C22-9DF7-51F8CB0E6015}.Debug|Any CPU.ActiveCfg = Debug|Any CPU
		{CA4B2397-85E9-4C22-9DF7-51F8CB0E6015}.Debug|Any CPU.Build.0 = Debug|Any CPU
		{CA4B2397-85E9-4C22-9DF7-51F8CB0E6015}.Release|Any CPU.ActiveCfg = Release|Any CPU
		{CA4B2397-85E9-4C22-9DF7-51F8CB0E6015}.Release|Any CPU.Build.0 = Release|Any CPU
	EndGlobalSection
	GlobalSection(SolutionProperties) = preSolution
		HideSolutionNode = FALSE
	EndGlobalSection
	GlobalSection(ExtensibilityGlobals) = postSolution
		SolutionGuid = {3D972A73-4B93-4243-9D6A-EDA903D33B9C}
	EndGlobalSection
EndGlobal
