
Microsoft Visual Studio Solution File, Format Version 12.00
# Visual Studio Version 17
VisualStudioVersion = 17.1.32210.238
MinimumVisualStudioVersion = 10.0.40219.1
Project("{FAE04EC0-301F-11D3-BF4B-00C04F79EFBC}") = "Chat.Server", "chat\Chat.Server.csproj", "{B8D78E71-D3C4-41E7-9881-690DB5C8759F}"
EndProject
Project("{FAE04EC0-301F-11D3-BF4B-00C04F79EFBC}") = "Chat.Client", "Chat.Server\Chat.Client.csproj", "{872DA924-127C-4D76-BEDB-4517A6820D66}"
EndProject
Global
	GlobalSection(SolutionConfigurationPlatforms) = preSolution
		Debug|Any CPU = Debug|Any CPU
		Release|Any CPU = Release|Any CPU
	EndGlobalSection
	GlobalSection(ProjectConfigurationPlatforms) = postSolution
		{B8D78E71-D3C4-41E7-9881-690DB5C8759F}.Debug|Any CPU.ActiveCfg = Debug|Any CPU
		{B8D78E71-D3C4-41E7-9881-690DB5C8759F}.Debug|Any CPU.Build.0 = Debug|Any CPU
		{B8D78E71-D3C4-41E7-9881-690DB5C8759F}.Release|Any CPU.ActiveCfg = Release|Any CPU
		{B8D78E71-D3C4-41E7-9881-690DB5C8759F}.Release|Any CPU.Build.0 = Release|Any CPU
		{872DA924-127C-4D76-BEDB-4517A6820D66}.Debug|Any CPU.ActiveCfg = Debug|Any CPU
		{872DA924-127C-4D76-BEDB-4517A6820D66}.Debug|Any CPU.Build.0 = Debug|Any CPU
		{872DA924-127C-4D76-BEDB-4517A6820D66}.Release|Any CPU.ActiveCfg = Release|Any CPU
		{872DA924-127C-4D76-BEDB-4517A6820D66}.Release|Any CPU.Build.0 = Release|Any CPU
	EndGlobalSection
	GlobalSection(SolutionProperties) = preSolution
		HideSolutionNode = FALSE
	EndGlobalSection
	GlobalSection(ExtensibilityGlobals) = postSolution
		SolutionGuid = {51BCE507-8B86-4CD4-B3F2-BA364D49FEAF}
	EndGlobalSection
EndGlobal
