
Microsoft Visual Studio Solution File, Format Version 12.00
# Visual Studio Version 17
VisualStudioVersion = 17.1.32210.238
MinimumVisualStudioVersion = 10.0.40219.1
Project("{FAE04EC0-301F-11D3-BF4B-00C04F79EFBC}") = "WinFormsApp1", "WinFormsApp1\WinFormsApp1.csproj", "{DC19F3DE-9CB3-4C59-A4A0-F5366819D4F2}"
EndProject
Global
	GlobalSection(SolutionConfigurationPlatforms) = preSolution
		Debug|Any CPU = Debug|Any CPU
		Release|Any CPU = Release|Any CPU
	EndGlobalSection
	GlobalSection(ProjectConfigurationPlatforms) = postSolution
		{DC19F3DE-9CB3-4C59-A4A0-F5366819D4F2}.Debug|Any CPU.ActiveCfg = Debug|Any CPU
		{DC19F3DE-9CB3-4C59-A4A0-F5366819D4F2}.Debug|Any CPU.Build.0 = Debug|Any CPU
		{DC19F3DE-9CB3-4C59-A4A0-F5366819D4F2}.Release|Any CPU.ActiveCfg = Release|Any CPU
		{DC19F3DE-9CB3-4C59-A4A0-F5366819D4F2}.Release|Any CPU.Build.0 = Release|Any CPU
	EndGlobalSection
	GlobalSection(SolutionProperties) = preSolution
		HideSolutionNode = FALSE
	EndGlobalSection
	GlobalSection(ExtensibilityGlobals) = postSolution
		SolutionGuid = {CCFBEC2E-D1D4-45BD-B071-34FE6E27A617}
	EndGlobalSection
EndGlobal
