
Microsoft Visual Studio Solution File, Format Version 12.00
# Visual Studio Version 17
VisualStudioVersion = 17.1.32210.238
MinimumVisualStudioVersion = 10.0.40219.1
Project("{FAE04EC0-301F-11D3-BF4B-00C04F79EFBC}") = "PracticaIntermediaII", "PracticaIntermediaII\PracticaIntermediaII.csproj", "{E8F9A975-0380-4597-97C4-5EAD1916CD7B}"
EndProject
Global
	GlobalSection(SolutionConfigurationPlatforms) = preSolution
		Debug|Any CPU = Debug|Any CPU
		Release|Any CPU = Release|Any CPU
	EndGlobalSection
	GlobalSection(ProjectConfigurationPlatforms) = postSolution
		{E8F9A975-0380-4597-97C4-5EAD1916CD7B}.Debug|Any CPU.ActiveCfg = Debug|Any CPU
		{E8F9A975-0380-4597-97C4-5EAD1916CD7B}.Debug|Any CPU.Build.0 = Debug|Any CPU
		{E8F9A975-0380-4597-97C4-5EAD1916CD7B}.Release|Any CPU.ActiveCfg = Release|Any CPU
		{E8F9A975-0380-4597-97C4-5EAD1916CD7B}.Release|Any CPU.Build.0 = Release|Any CPU
	EndGlobalSection
	GlobalSection(SolutionProperties) = preSolution
		HideSolutionNode = FALSE
	EndGlobalSection
	GlobalSection(ExtensibilityGlobals) = postSolution
		SolutionGuid = {062786B0-B356-4121-9C83-161314F2127A}
	EndGlobalSection
EndGlobal
