
Microsoft Visual Studio Solution File, Format Version 12.00
# Visual Studio Version 17
VisualStudioVersion = 17.1.32210.238
MinimumVisualStudioVersion = 10.0.40219.1
Project("{FAE04EC0-301F-11D3-BF4B-00C04F79EFBC}") = "Practica1Avanzdo", "Practica1Avanzdo\Practica1Avanzdo.csproj", "{32C21169-1E1E-4DE3-8617-43964108EEA9}"
EndProject
Global
	GlobalSection(SolutionConfigurationPlatforms) = preSolution
		Debug|Any CPU = Debug|Any CPU
		Release|Any CPU = Release|Any CPU
	EndGlobalSection
	GlobalSection(ProjectConfigurationPlatforms) = postSolution
		{32C21169-1E1E-4DE3-8617-43964108EEA9}.Debug|Any CPU.ActiveCfg = Debug|Any CPU
		{32C21169-1E1E-4DE3-8617-43964108EEA9}.Debug|Any CPU.Build.0 = Debug|Any CPU
		{32C21169-1E1E-4DE3-8617-43964108EEA9}.Release|Any CPU.ActiveCfg = Release|Any CPU
		{32C21169-1E1E-4DE3-8617-43964108EEA9}.Release|Any CPU.Build.0 = Release|Any CPU
	EndGlobalSection
	GlobalSection(SolutionProperties) = preSolution
		HideSolutionNode = FALSE
	EndGlobalSection
	GlobalSection(ExtensibilityGlobals) = postSolution
		SolutionGuid = {22ADF5F6-14DD-4E2A-8AC2-C5D819AE8DAE}
	EndGlobalSection
EndGlobal
