
Microsoft Visual Studio Solution File, Format Version 12.00
# Visual Studio Version 17
VisualStudioVersion = 17.1.32210.238
MinimumVisualStudioVersion = 10.0.40219.1
Project("{FAE04EC0-301F-11D3-BF4B-00C04F79EFBC}") = "CovCont", "CovCont\CovCont.csproj", "{CBEDB2E3-3368-420A-A02B-EF53F7328E46}"
EndProject
Global
	GlobalSection(SolutionConfigurationPlatforms) = preSolution
		Debug|Any CPU = Debug|Any CPU
		Release|Any CPU = Release|Any CPU
	EndGlobalSection
	GlobalSection(ProjectConfigurationPlatforms) = postSolution
		{CBEDB2E3-3368-420A-A02B-EF53F7328E46}.Debug|Any CPU.ActiveCfg = Debug|Any CPU
		{CBEDB2E3-3368-420A-A02B-EF53F7328E46}.Debug|Any CPU.Build.0 = Debug|Any CPU
		{CBEDB2E3-3368-420A-A02B-EF53F7328E46}.Release|Any CPU.ActiveCfg = Release|Any CPU
		{CBEDB2E3-3368-420A-A02B-EF53F7328E46}.Release|Any CPU.Build.0 = Release|Any CPU
	EndGlobalSection
	GlobalSection(SolutionProperties) = preSolution
		HideSolutionNode = FALSE
	EndGlobalSection
	GlobalSection(ExtensibilityGlobals) = postSolution
		SolutionGuid = {37ED2632-A009-4E4A-84E4-72D6BA431565}
	EndGlobalSection
EndGlobal
